
Microsoft Visual Studio Solution File, Format Version 12.00
# Visual Studio Version 16
VisualStudioVersion = 16.0.30011.22
MinimumVisualStudioVersion = 10.0.40219.1
Project("{D954291E-2A0B-460D-934E-DC6B0785DB48}") = "ONETDataModel", "Analytics\ONETDataModel.shproj", "{06A8C764-FFF2-4E80-AF20-745A9820C7CC}"
EndProject
Project("{D954291E-2A0B-460D-934E-DC6B0785DB48}") = "DataPersistancy", "DataPersistancy\DataPersistancy.shproj", "{29C3FEB4-950C-488B-BC8D-B1568EE0413B}"
EndProject
Project("{FAE04EC0-301F-11D3-BF4B-00C04F79EFBC}") = "Windows_Desktop", "FORKv0\Windows_Desktop.csproj", "{105711AD-6819-4B82-8250-59D73A4CE9FC}"
EndProject
Project("{D954291E-2A0B-460D-934E-DC6B0785DB48}") = "HTMLDev", "HTMLDev\HTMLDev.shproj", "{49598DCE-DDD7-4CDB-9031-FF1E013BE3A6}"
EndProject
Project("{FAE04EC0-301F-11D3-BF4B-00C04F79EFBC}") = "Raw_Job_Processing", "Raw_Job_Processing\Raw_Job_Processing.csproj", "{B96CBF47-FF45-44C6-A14D-0F1CDBACD239}"
EndProject
Global
	GlobalSection(SharedMSBuildProjectFiles) = preSolution
		Analytics\Analytics.projitems*{06a8c764-fff2-4e80-af20-745a9820c7cc}*SharedItemsImports = 13
		Analytics\Analytics.projitems*{105711ad-6819-4b82-8250-59d73a4ce9fc}*SharedItemsImports = 4
		DataPersistancy\DataPersistancy.projitems*{105711ad-6819-4b82-8250-59d73a4ce9fc}*SharedItemsImports = 4
		HTMLDev\HTMLDev.projitems*{105711ad-6819-4b82-8250-59d73a4ce9fc}*SharedItemsImports = 4
		DataPersistancy\DataPersistancy.projitems*{29c3feb4-950c-488b-bc8d-b1568ee0413b}*SharedItemsImports = 13
		HTMLDev\HTMLDev.projitems*{49598dce-ddd7-4cdb-9031-ff1e013be3a6}*SharedItemsImports = 13
	EndGlobalSection
	GlobalSection(SolutionConfigurationPlatforms) = preSolution
		CD_ROM|Any CPU = CD_ROM|Any CPU
		CD_ROM|ARM = CD_ROM|ARM
		CD_ROM|x64 = CD_ROM|x64
		CD_ROM|x86 = CD_ROM|x86
		Debug|Any CPU = Debug|Any CPU
		Debug|ARM = Debug|ARM
		Debug|x64 = Debug|x64
		Debug|x86 = Debug|x86
		DVD-5|Any CPU = DVD-5|Any CPU
		DVD-5|ARM = DVD-5|ARM
		DVD-5|x64 = DVD-5|x64
		DVD-5|x86 = DVD-5|x86
		Release|Any CPU = Release|Any CPU
		Release|ARM = Release|ARM
		Release|x64 = Release|x64
		Release|x86 = Release|x86
		SingleImage|Any CPU = SingleImage|Any CPU
		SingleImage|ARM = SingleImage|ARM
		SingleImage|x64 = SingleImage|x64
		SingleImage|x86 = SingleImage|x86
	EndGlobalSection
	GlobalSection(ProjectConfigurationPlatforms) = postSolution
		{105711AD-6819-4B82-8250-59D73A4CE9FC}.CD_ROM|Any CPU.ActiveCfg = Release|Any CPU
		{105711AD-6819-4B82-8250-59D73A4CE9FC}.CD_ROM|Any CPU.Build.0 = Release|Any CPU
		{105711AD-6819-4B82-8250-59D73A4CE9FC}.CD_ROM|ARM.ActiveCfg = Release|Any CPU
		{105711AD-6819-4B82-8250-59D73A4CE9FC}.CD_ROM|ARM.Build.0 = Release|Any CPU
		{105711AD-6819-4B82-8250-59D73A4CE9FC}.CD_ROM|x64.ActiveCfg = Release|Any CPU
		{105711AD-6819-4B82-8250-59D73A4CE9FC}.CD_ROM|x64.Build.0 = Release|Any CPU
		{105711AD-6819-4B82-8250-59D73A4CE9FC}.CD_ROM|x86.ActiveCfg = Release|Any CPU
		{105711AD-6819-4B82-8250-59D73A4CE9FC}.CD_ROM|x86.Build.0 = Release|Any CPU
		{105711AD-6819-4B82-8250-59D73A4CE9FC}.Debug|Any CPU.ActiveCfg = Debug|Any CPU
		{105711AD-6819-4B82-8250-59D73A4CE9FC}.Debug|Any CPU.Build.0 = Debug|Any CPU
		{105711AD-6819-4B82-8250-59D73A4CE9FC}.Debug|ARM.ActiveCfg = Debug|Any CPU
		{105711AD-6819-4B82-8250-59D73A4CE9FC}.Debug|ARM.Build.0 = Debug|Any CPU
		{105711AD-6819-4B82-8250-59D73A4CE9FC}.Debug|x64.ActiveCfg = Debug|Any CPU
		{105711AD-6819-4B82-8250-59D73A4CE9FC}.Debug|x64.Build.0 = Debug|Any CPU
		{105711AD-6819-4B82-8250-59D73A4CE9FC}.Debug|x86.ActiveCfg = Debug|Any CPU
		{105711AD-6819-4B82-8250-59D73A4CE9FC}.Debug|x86.Build.0 = Debug|Any CPU
		{105711AD-6819-4B82-8250-59D73A4CE9FC}.DVD-5|Any CPU.ActiveCfg = Debug|Any CPU
		{105711AD-6819-4B82-8250-59D73A4CE9FC}.DVD-5|Any CPU.Build.0 = Debug|Any CPU
		{105711AD-6819-4B82-8250-59D73A4CE9FC}.DVD-5|ARM.ActiveCfg = Debug|Any CPU
		{105711AD-6819-4B82-8250-59D73A4CE9FC}.DVD-5|ARM.Build.0 = Debug|Any CPU
		{105711AD-6819-4B82-8250-59D73A4CE9FC}.DVD-5|x64.ActiveCfg = Debug|Any CPU
		{105711AD-6819-4B82-8250-59D73A4CE9FC}.DVD-5|x64.Build.0 = Debug|Any CPU
		{105711AD-6819-4B82-8250-59D73A4CE9FC}.DVD-5|x86.ActiveCfg = Debug|Any CPU
		{105711AD-6819-4B82-8250-59D73A4CE9FC}.DVD-5|x86.Build.0 = Debug|Any CPU
		{105711AD-6819-4B82-8250-59D73A4CE9FC}.Release|Any CPU.ActiveCfg = Release|Any CPU
		{105711AD-6819-4B82-8250-59D73A4CE9FC}.Release|Any CPU.Build.0 = Release|Any CPU
		{105711AD-6819-4B82-8250-59D73A4CE9FC}.Release|ARM.ActiveCfg = Release|Any CPU
		{105711AD-6819-4B82-8250-59D73A4CE9FC}.Release|ARM.Build.0 = Release|Any CPU
		{105711AD-6819-4B82-8250-59D73A4CE9FC}.Release|x64.ActiveCfg = Release|Any CPU
		{105711AD-6819-4B82-8250-59D73A4CE9FC}.Release|x64.Build.0 = Release|Any CPU
		{105711AD-6819-4B82-8250-59D73A4CE9FC}.Release|x86.ActiveCfg = Release|Any CPU
		{105711AD-6819-4B82-8250-59D73A4CE9FC}.Release|x86.Build.0 = Release|Any CPU
		{105711AD-6819-4B82-8250-59D73A4CE9FC}.SingleImage|Any CPU.ActiveCfg = Release|Any CPU
		{105711AD-6819-4B82-8250-59D73A4CE9FC}.SingleImage|Any CPU.Build.0 = Release|Any CPU
		{105711AD-6819-4B82-8250-59D73A4CE9FC}.SingleImage|ARM.ActiveCfg = Release|Any CPU
		{105711AD-6819-4B82-8250-59D73A4CE9FC}.SingleImage|ARM.Build.0 = Release|Any CPU
		{105711AD-6819-4B82-8250-59D73A4CE9FC}.SingleImage|x64.ActiveCfg = Release|Any CPU
		{105711AD-6819-4B82-8250-59D73A4CE9FC}.SingleImage|x64.Build.0 = Release|Any CPU
		{105711AD-6819-4B82-8250-59D73A4CE9FC}.SingleImage|x86.ActiveCfg = Release|Any CPU
		{105711AD-6819-4B82-8250-59D73A4CE9FC}.SingleImage|x86.Build.0 = Release|Any CPU
		{B96CBF47-FF45-44C6-A14D-0F1CDBACD239}.CD_ROM|Any CPU.ActiveCfg = Debug|Any CPU
		{B96CBF47-FF45-44C6-A14D-0F1CDBACD239}.CD_ROM|Any CPU.Build.0 = Debug|Any CPU
		{B96CBF47-FF45-44C6-A14D-0F1CDBACD239}.CD_ROM|ARM.ActiveCfg = Debug|Any CPU
		{B96CBF47-FF45-44C6-A14D-0F1CDBACD239}.CD_ROM|ARM.Build.0 = Debug|Any CPU
		{B96CBF47-FF45-44C6-A14D-0F1CDBACD239}.CD_ROM|x64.ActiveCfg = Debug|Any CPU
		{B96CBF47-FF45-44C6-A14D-0F1CDBACD239}.CD_ROM|x64.Build.0 = Debug|Any CPU
		{B96CBF47-FF45-44C6-A14D-0F1CDBACD239}.CD_ROM|x86.ActiveCfg = Debug|Any CPU
		{B96CBF47-FF45-44C6-A14D-0F1CDBACD239}.CD_ROM|x86.Build.0 = Debug|Any CPU
		{B96CBF47-FF45-44C6-A14D-0F1CDBACD239}.Debug|Any CPU.ActiveCfg = Debug|Any CPU
		{B96CBF47-FF45-44C6-A14D-0F1CDBACD239}.Debug|Any CPU.Build.0 = Debug|Any CPU
		{B96CBF47-FF45-44C6-A14D-0F1CDBACD239}.Debug|ARM.ActiveCfg = Debug|Any CPU
		{B96CBF47-FF45-44C6-A14D-0F1CDBACD239}.Debug|ARM.Build.0 = Debug|Any CPU
		{B96CBF47-FF45-44C6-A14D-0F1CDBACD239}.Debug|x64.ActiveCfg = Debug|Any CPU
		{B96CBF47-FF45-44C6-A14D-0F1CDBACD239}.Debug|x64.Build.0 = Debug|Any CPU
		{B96CBF47-FF45-44C6-A14D-0F1CDBACD239}.Debug|x86.ActiveCfg = Debug|Any CPU
		{B96CBF47-FF45-44C6-A14D-0F1CDBACD239}.Debug|x86.Build.0 = Debug|Any CPU
		{B96CBF47-FF45-44C6-A14D-0F1CDBACD239}.DVD-5|Any CPU.ActiveCfg = Debug|Any CPU
		{B96CBF47-FF45-44C6-A14D-0F1CDBACD239}.DVD-5|Any CPU.Build.0 = Debug|Any CPU
		{B96CBF47-FF45-44C6-A14D-0F1CDBACD239}.DVD-5|ARM.ActiveCfg = Debug|Any CPU
		{B96CBF47-FF45-44C6-A14D-0F1CDBACD239}.DVD-5|ARM.Build.0 = Debug|Any CPU
		{B96CBF47-FF45-44C6-A14D-0F1CDBACD239}.DVD-5|x64.ActiveCfg = Debug|Any CPU
		{B96CBF47-FF45-44C6-A14D-0F1CDBACD239}.DVD-5|x64.Build.0 = Debug|Any CPU
		{B96CBF47-FF45-44C6-A14D-0F1CDBACD239}.DVD-5|x86.ActiveCfg = Debug|Any CPU
		{B96CBF47-FF45-44C6-A14D-0F1CDBACD239}.DVD-5|x86.Build.0 = Debug|Any CPU
		{B96CBF47-FF45-44C6-A14D-0F1CDBACD239}.Release|Any CPU.ActiveCfg = Release|Any CPU
		{B96CBF47-FF45-44C6-A14D-0F1CDBACD239}.Release|Any CPU.Build.0 = Release|Any CPU
		{B96CBF47-FF45-44C6-A14D-0F1CDBACD239}.Release|ARM.ActiveCfg = Release|Any CPU
		{B96CBF47-FF45-44C6-A14D-0F1CDBACD239}.Release|ARM.Build.0 = Release|Any CPU
		{B96CBF47-FF45-44C6-A14D-0F1CDBACD239}.Release|x64.ActiveCfg = Release|Any CPU
		{B96CBF47-FF45-44C6-A14D-0F1CDBACD239}.Release|x64.Build.0 = Release|Any CPU
		{B96CBF47-FF45-44C6-A14D-0F1CDBACD239}.Release|x86.ActiveCfg = Release|Any CPU
		{B96CBF47-FF45-44C6-A14D-0F1CDBACD239}.Release|x86.Build.0 = Release|Any CPU
		{B96CBF47-FF45-44C6-A14D-0F1CDBACD239}.SingleImage|Any CPU.ActiveCfg = Debug|Any CPU
		{B96CBF47-FF45-44C6-A14D-0F1CDBACD239}.SingleImage|Any CPU.Build.0 = Debug|Any CPU
		{B96CBF47-FF45-44C6-A14D-0F1CDBACD239}.SingleImage|ARM.ActiveCfg = Debug|Any CPU
		{B96CBF47-FF45-44C6-A14D-0F1CDBACD239}.SingleImage|ARM.Build.0 = Debug|Any CPU
		{B96CBF47-FF45-44C6-A14D-0F1CDBACD239}.SingleImage|x64.ActiveCfg = Debug|Any CPU
		{B96CBF47-FF45-44C6-A14D-0F1CDBACD239}.SingleImage|x64.Build.0 = Debug|Any CPU
		{B96CBF47-FF45-44C6-A14D-0F1CDBACD239}.SingleImage|x86.ActiveCfg = Debug|Any CPU
		{B96CBF47-FF45-44C6-A14D-0F1CDBACD239}.SingleImage|x86.Build.0 = Debug|Any CPU
	EndGlobalSection
	GlobalSection(SolutionProperties) = preSolution
		HideSolutionNode = FALSE
	EndGlobalSection
	GlobalSection(ExtensibilityGlobals) = postSolution
		SolutionGuid = {44FCC615-255D-4F9B-B6BC-9BE4D273CA85}
	EndGlobalSection
EndGlobal
